
Microsoft Visual Studio Solution File, Format Version 12.00
# Visual Studio 14
VisualStudioVersion = 14.0.25123.0
MinimumVisualStudioVersion = 10.0.40219.1
Project("{FAE04EC0-301F-11D3-BF4B-00C04F79EFBC}") = "AcaciaZPushPlugin", "AcaciaZPushPlugin\AcaciaZPushPlugin.csproj", "{1A7427A5-F814-4B07-98B2-C67D758B65D6}"
EndProject
Project("{FAE04EC0-301F-11D3-BF4B-00C04F79EFBC}") = "PluginDebugger", "PluginDebugger\PluginDebugger.csproj", "{9258AD17-0A25-4669-A95C-93EC70882551}"
EndProject
Project("{FAE04EC0-301F-11D3-BF4B-00C04F79EFBC}") = "OutlookRestarter", "OutlookRestarter\OutlookRestarter.csproj", "{222C4DA5-FA31-471A-B127-5E0C6AD2CB3C}"
EndProject
Project("{8BC9CEB8-8B4A-11D0-8D11-00A0C91BC942}") = "EASAccount", "EASAccount\EASAccount.vcxproj", "{437F3764-1E65-4AED-88FA-7C5B2F2FAF15}"
EndProject
Global
	GlobalSection(SolutionConfigurationPlatforms) = preSolution
		Debug|Any CPU = Debug|Any CPU
		Release|Any CPU = Release|Any CPU
	EndGlobalSection
	GlobalSection(ProjectConfigurationPlatforms) = postSolution
		{1A7427A5-F814-4B07-98B2-C67D758B65D6}.Debug|Any CPU.ActiveCfg = Debug|Any CPU
		{1A7427A5-F814-4B07-98B2-C67D758B65D6}.Debug|Any CPU.Build.0 = Debug|Any CPU
		{1A7427A5-F814-4B07-98B2-C67D758B65D6}.Release|Any CPU.ActiveCfg = Release|Any CPU
		{1A7427A5-F814-4B07-98B2-C67D758B65D6}.Release|Any CPU.Build.0 = Release|Any CPU
		{9258AD17-0A25-4669-A95C-93EC70882551}.Debug|Any CPU.ActiveCfg = Debug|Any CPU
		{9258AD17-0A25-4669-A95C-93EC70882551}.Debug|Any CPU.Build.0 = Debug|Any CPU
		{9258AD17-0A25-4669-A95C-93EC70882551}.Release|Any CPU.ActiveCfg = Release|Any CPU
		{9258AD17-0A25-4669-A95C-93EC70882551}.Release|Any CPU.Build.0 = Release|Any CPU
		{222C4DA5-FA31-471A-B127-5E0C6AD2CB3C}.Debug|Any CPU.ActiveCfg = Debug|Any CPU
		{222C4DA5-FA31-471A-B127-5E0C6AD2CB3C}.Debug|Any CPU.Build.0 = Debug|Any CPU
		{222C4DA5-FA31-471A-B127-5E0C6AD2CB3C}.Release|Any CPU.ActiveCfg = Release|Any CPU
		{222C4DA5-FA31-471A-B127-5E0C6AD2CB3C}.Release|Any CPU.Build.0 = Release|Any CPU
		{437F3764-1E65-4AED-88FA-7C5B2F2FAF15}.Debug|Any CPU.ActiveCfg = Debug|x64
		{437F3764-1E65-4AED-88FA-7C5B2F2FAF15}.Debug|Any CPU.Build.0 = Debug|x64
		{437F3764-1E65-4AED-88FA-7C5B2F2FAF15}.Release|Any CPU.ActiveCfg = Release|Win32
		{437F3764-1E65-4AED-88FA-7C5B2F2FAF15}.Release|Any CPU.Build.0 = Release|Win32
	EndGlobalSection
	GlobalSection(SolutionProperties) = preSolution
		HideSolutionNode = FALSE
	EndGlobalSection
EndGlobal
